// !$*UTF8*$!
{
	archiveVersion = 1;
	classes = {
	};
	objectVersion = 50;
	objects = {

/* Begin PBXBuildFile section */
		068F21B021569EB60034F7E2 /* AppDelegate.swift in Sources */ = {isa = PBXBuildFile; fileRef = 068F21AF21569EB60034F7E2 /* AppDelegate.swift */; };
		068F21B221569EB60034F7E2 /* ViewController.swift in Sources */ = {isa = PBXBuildFile; fileRef = 068F21B121569EB60034F7E2 /* ViewController.swift */; };
		068F21B521569EB60034F7E2 /* Main.storyboard in Resources */ = {isa = PBXBuildFile; fileRef = 068F21B321569EB60034F7E2 /* Main.storyboard */; };
		068F21B821569EB60034F7E2 /* IntDevTask.xcdatamodeld in Sources */ = {isa = PBXBuildFile; fileRef = 068F21B621569EB60034F7E2 /* IntDevTask.xcdatamodeld */; };
		068F21BA21569EB90034F7E2 /* Assets.xcassets in Resources */ = {isa = PBXBuildFile; fileRef = 068F21B921569EB90034F7E2 /* Assets.xcassets */; };
		068F21BD21569EB90034F7E2 /* LaunchScreen.storyboard in Resources */ = {isa = PBXBuildFile; fileRef = 068F21BB21569EB90034F7E2 /* LaunchScreen.storyboard */; };
		068F21C821569EBA0034F7E2 /* IntDevTaskTests.swift in Sources */ = {isa = PBXBuildFile; fileRef = 068F21C721569EBA0034F7E2 /* IntDevTaskTests.swift */; };
		068F21D321569EBA0034F7E2 /* IntDevTaskUITests.swift in Sources */ = {isa = PBXBuildFile; fileRef = 068F21D221569EBA0034F7E2 /* IntDevTaskUITests.swift */; };
		068F21E721580CA30034F7E2 /* GoogleService-Info.plist in Resources */ = {isa = PBXBuildFile; fileRef = 068F21E621580CA30034F7E2 /* GoogleService-Info.plist */; };
		068F21E921580D820034F7E2 /* credentials.plist in Resources */ = {isa = PBXBuildFile; fileRef = 068F21E821580D810034F7E2 /* credentials.plist */; };
		068F21ED21582BEB0034F7E2 /* HomeViewController.swift in Sources */ = {isa = PBXBuildFile; fileRef = 068F21EC21582BEB0034F7E2 /* HomeViewController.swift */; };
		142571C137692506F81C806F /* Pods_IntDevTaskTests.framework in Frameworks */ = {isa = PBXBuildFile; fileRef = 995D1C309537C224DD277A1D /* Pods_IntDevTaskTests.framework */; };
		3C0530B45669601BE28B478E /* Pods_IntDevTask.framework in Frameworks */ = {isa = PBXBuildFile; fileRef = 8DAF6635182F2A2F970A41FD /* Pods_IntDevTask.framework */; };
		DE9444E6700831DEBA961866 /* Pods_IntDevTaskUITests.framework in Frameworks */ = {isa = PBXBuildFile; fileRef = 01C77B6822BDE55B7D95EAC4 /* Pods_IntDevTaskUITests.framework */; };
/* End PBXBuildFile section */

/* Begin PBXContainerItemProxy section */
		068F21C421569EBA0034F7E2 /* PBXContainerItemProxy */ = {
			isa = PBXContainerItemProxy;
			containerPortal = 068F21A421569EB60034F7E2 /* Project object */;
			proxyType = 1;
			remoteGlobalIDString = 068F21AB21569EB60034F7E2;
			remoteInfo = IntDevTask;
		};
		068F21CF21569EBA0034F7E2 /* PBXContainerItemProxy */ = {
			isa = PBXContainerItemProxy;
			containerPortal = 068F21A421569EB60034F7E2 /* Project object */;
			proxyType = 1;
			remoteGlobalIDString = 068F21AB21569EB60034F7E2;
			remoteInfo = IntDevTask;
		};
/* End PBXContainerItemProxy section */

/* Begin PBXFileReference section */
		01C77B6822BDE55B7D95EAC4 /* Pods_IntDevTaskUITests.framework */ = {isa = PBXFileReference; explicitFileType = wrapper.framework; includeInIndex = 0; path = Pods_IntDevTaskUITests.framework; sourceTree = BUILT_PRODUCTS_DIR; };
		068F21AC21569EB60034F7E2 /* IntDevTask.app */ = {isa = PBXFileReference; explicitFileType = wrapper.application; includeInIndex = 0; path = IntDevTask.app; sourceTree = BUILT_PRODUCTS_DIR; };
		068F21AF21569EB60034F7E2 /* AppDelegate.swift */ = {isa = PBXFileReference; lastKnownFileType = sourcecode.swift; path = AppDelegate.swift; sourceTree = "<group>"; };
		068F21B121569EB60034F7E2 /* ViewController.swift */ = {isa = PBXFileReference; lastKnownFileType = sourcecode.swift; path = ViewController.swift; sourceTree = "<group>"; };
		068F21B421569EB60034F7E2 /* Base */ = {isa = PBXFileReference; lastKnownFileType = file.storyboard; name = Base; path = Base.lproj/Main.storyboard; sourceTree = "<group>"; };
		068F21B721569EB60034F7E2 /* IntDevTask.xcdatamodel */ = {isa = PBXFileReference; lastKnownFileType = wrapper.xcdatamodel; path = IntDevTask.xcdatamodel; sourceTree = "<group>"; };
		068F21B921569EB90034F7E2 /* Assets.xcassets */ = {isa = PBXFileReference; lastKnownFileType = folder.assetcatalog; path = Assets.xcassets; sourceTree = "<group>"; };
		068F21BC21569EB90034F7E2 /* Base */ = {isa = PBXFileReference; lastKnownFileType = file.storyboard; name = Base; path = Base.lproj/LaunchScreen.storyboard; sourceTree = "<group>"; };
		068F21BE21569EB90034F7E2 /* Info.plist */ = {isa = PBXFileReference; lastKnownFileType = text.plist.xml; path = Info.plist; sourceTree = "<group>"; };
		068F21C321569EBA0034F7E2 /* IntDevTaskTests.xctest */ = {isa = PBXFileReference; explicitFileType = wrapper.cfbundle; includeInIndex = 0; path = IntDevTaskTests.xctest; sourceTree = BUILT_PRODUCTS_DIR; };
		068F21C721569EBA0034F7E2 /* IntDevTaskTests.swift */ = {isa = PBXFileReference; lastKnownFileType = sourcecode.swift; path = IntDevTaskTests.swift; sourceTree = "<group>"; };
		068F21C921569EBA0034F7E2 /* Info.plist */ = {isa = PBXFileReference; lastKnownFileType = text.plist.xml; path = Info.plist; sourceTree = "<group>"; };
		068F21CE21569EBA0034F7E2 /* IntDevTaskUITests.xctest */ = {isa = PBXFileReference; explicitFileType = wrapper.cfbundle; includeInIndex = 0; path = IntDevTaskUITests.xctest; sourceTree = BUILT_PRODUCTS_DIR; };
		068F21D221569EBA0034F7E2 /* IntDevTaskUITests.swift */ = {isa = PBXFileReference; lastKnownFileType = sourcecode.swift; path = IntDevTaskUITests.swift; sourceTree = "<group>"; };
		068F21D421569EBA0034F7E2 /* Info.plist */ = {isa = PBXFileReference; lastKnownFileType = text.plist.xml; path = Info.plist; sourceTree = "<group>"; };
		068F21E621580CA30034F7E2 /* GoogleService-Info.plist */ = {isa = PBXFileReference; fileEncoding = 4; lastKnownFileType = text.plist.xml; path = "GoogleService-Info.plist"; sourceTree = "<group>"; };
		068F21E821580D810034F7E2 /* credentials.plist */ = {isa = PBXFileReference; fileEncoding = 4; lastKnownFileType = text.plist.xml; path = credentials.plist; sourceTree = "<group>"; };
		068F21EC21582BEB0034F7E2 /* HomeViewController.swift */ = {isa = PBXFileReference; lastKnownFileType = sourcecode.swift; path = HomeViewController.swift; sourceTree = "<group>"; };
		42FF609E5B873866E418253D /* Pods-IntDevTaskUITests.release.xcconfig */ = {isa = PBXFileReference; includeInIndex = 1; lastKnownFileType = text.xcconfig; name = "Pods-IntDevTaskUITests.release.xcconfig"; path = "Pods/Target Support Files/Pods-IntDevTaskUITests/Pods-IntDevTaskUITests.release.xcconfig"; sourceTree = "<group>"; };
		8DAF6635182F2A2F970A41FD /* Pods_IntDevTask.framework */ = {isa = PBXFileReference; explicitFileType = wrapper.framework; includeInIndex = 0; path = Pods_IntDevTask.framework; sourceTree = BUILT_PRODUCTS_DIR; };
		995D1C309537C224DD277A1D /* Pods_IntDevTaskTests.framework */ = {isa = PBXFileReference; explicitFileType = wrapper.framework; includeInIndex = 0; path = Pods_IntDevTaskTests.framework; sourceTree = BUILT_PRODUCTS_DIR; };
		A0EE41A1B68235DE15D64364 /* Pods-IntDevTask.debug.xcconfig */ = {isa = PBXFileReference; includeInIndex = 1; lastKnownFileType = text.xcconfig; name = "Pods-IntDevTask.debug.xcconfig"; path = "Pods/Target Support Files/Pods-IntDevTask/Pods-IntDevTask.debug.xcconfig"; sourceTree = "<group>"; };
		B42862A20CCC908339F38E60 /* Pods-IntDevTaskTests.release.xcconfig */ = {isa = PBXFileReference; includeInIndex = 1; lastKnownFileType = text.xcconfig; name = "Pods-IntDevTaskTests.release.xcconfig"; path = "Pods/Target Support Files/Pods-IntDevTaskTests/Pods-IntDevTaskTests.release.xcconfig"; sourceTree = "<group>"; };
		D2147059F02299422C5785C3 /* Pods-IntDevTaskTests.debug.xcconfig */ = {isa = PBXFileReference; includeInIndex = 1; lastKnownFileType = text.xcconfig; name = "Pods-IntDevTaskTests.debug.xcconfig"; path = "Pods/Target Support Files/Pods-IntDevTaskTests/Pods-IntDevTaskTests.debug.xcconfig"; sourceTree = "<group>"; };
		D3D78B9664CE379DDA895052 /* Pods-IntDevTaskUITests.debug.xcconfig */ = {isa = PBXFileReference; includeInIndex = 1; lastKnownFileType = text.xcconfig; name = "Pods-IntDevTaskUITests.debug.xcconfig"; path = "Pods/Target Support Files/Pods-IntDevTaskUITests/Pods-IntDevTaskUITests.debug.xcconfig"; sourceTree = "<group>"; };
		F817C1F252C785CFB6619143 /* Pods-IntDevTask.release.xcconfig */ = {isa = PBXFileReference; includeInIndex = 1; lastKnownFileType = text.xcconfig; name = "Pods-IntDevTask.release.xcconfig"; path = "Pods/Target Support Files/Pods-IntDevTask/Pods-IntDevTask.release.xcconfig"; sourceTree = "<group>"; };
/* End PBXFileReference section */

/* Begin PBXFrameworksBuildPhase section */
		068F21A921569EB60034F7E2 /* Frameworks */ = {
			isa = PBXFrameworksBuildPhase;
			buildActionMask = 2147483647;
			files = (
				3C0530B45669601BE28B478E /* Pods_IntDevTask.framework in Frameworks */,
			);
			runOnlyForDeploymentPostprocessing = 0;
		};
		068F21C021569EBA0034F7E2 /* Frameworks */ = {
			isa = PBXFrameworksBuildPhase;
			buildActionMask = 2147483647;
			files = (
				142571C137692506F81C806F /* Pods_IntDevTaskTests.framework in Frameworks */,
			);
			runOnlyForDeploymentPostprocessing = 0;
		};
		068F21CB21569EBA0034F7E2 /* Frameworks */ = {
			isa = PBXFrameworksBuildPhase;
			buildActionMask = 2147483647;
			files = (
				DE9444E6700831DEBA961866 /* Pods_IntDevTaskUITests.framework in Frameworks */,
			);
			runOnlyForDeploymentPostprocessing = 0;
		};
/* End PBXFrameworksBuildPhase section */

/* Begin PBXGroup section */
		068F21A321569EB60034F7E2 = {
			isa = PBXGroup;
			children = (
				068F21AE21569EB60034F7E2 /* IntDevTask */,
				068F21C621569EBA0034F7E2 /* IntDevTaskTests */,
				068F21D121569EBA0034F7E2 /* IntDevTaskUITests */,
				068F21AD21569EB60034F7E2 /* Products */,
				3BAD826936EE9D85D72BA5FF /* Pods */,
				99F86E10B3DD5165D32F2229 /* Frameworks */,
			);
			sourceTree = "<group>";
		};
		068F21AD21569EB60034F7E2 /* Products */ = {
			isa = PBXGroup;
			children = (
				068F21AC21569EB60034F7E2 /* IntDevTask.app */,
				068F21C321569EBA0034F7E2 /* IntDevTaskTests.xctest */,
				068F21CE21569EBA0034F7E2 /* IntDevTaskUITests.xctest */,
			);
			name = Products;
			sourceTree = "<group>";
		};
		068F21AE21569EB60034F7E2 /* IntDevTask */ = {
			isa = PBXGroup;
			children = (
				068F21AF21569EB60034F7E2 /* AppDelegate.swift */,
				068F21B121569EB60034F7E2 /* ViewController.swift */,
				068F21EC21582BEB0034F7E2 /* HomeViewController.swift */,
				068F21E621580CA30034F7E2 /* GoogleService-Info.plist */,
				068F21E821580D810034F7E2 /* credentials.plist */,
				068F21B321569EB60034F7E2 /* Main.storyboard */,
				068F21B921569EB90034F7E2 /* Assets.xcassets */,
				068F21BB21569EB90034F7E2 /* LaunchScreen.storyboard */,
				068F21BE21569EB90034F7E2 /* Info.plist */,
				068F21B621569EB60034F7E2 /* IntDevTask.xcdatamodeld */,
			);
			path = IntDevTask;
			sourceTree = "<group>";
		};
		068F21C621569EBA0034F7E2 /* IntDevTaskTests */ = {
			isa = PBXGroup;
			children = (
				068F21C721569EBA0034F7E2 /* IntDevTaskTests.swift */,
				068F21C921569EBA0034F7E2 /* Info.plist */,
			);
			path = IntDevTaskTests;
			sourceTree = "<group>";
		};
		068F21D121569EBA0034F7E2 /* IntDevTaskUITests */ = {
			isa = PBXGroup;
			children = (
				068F21D221569EBA0034F7E2 /* IntDevTaskUITests.swift */,
				068F21D421569EBA0034F7E2 /* Info.plist */,
			);
			path = IntDevTaskUITests;
			sourceTree = "<group>";
		};
		3BAD826936EE9D85D72BA5FF /* Pods */ = {
			isa = PBXGroup;
			children = (
				A0EE41A1B68235DE15D64364 /* Pods-IntDevTask.debug.xcconfig */,
				F817C1F252C785CFB6619143 /* Pods-IntDevTask.release.xcconfig */,
				D2147059F02299422C5785C3 /* Pods-IntDevTaskTests.debug.xcconfig */,
				B42862A20CCC908339F38E60 /* Pods-IntDevTaskTests.release.xcconfig */,
				D3D78B9664CE379DDA895052 /* Pods-IntDevTaskUITests.debug.xcconfig */,
				42FF609E5B873866E418253D /* Pods-IntDevTaskUITests.release.xcconfig */,
			);
			name = Pods;
			sourceTree = "<group>";
		};
		99F86E10B3DD5165D32F2229 /* Frameworks */ = {
			isa = PBXGroup;
			children = (
				8DAF6635182F2A2F970A41FD /* Pods_IntDevTask.framework */,
				995D1C309537C224DD277A1D /* Pods_IntDevTaskTests.framework */,
				01C77B6822BDE55B7D95EAC4 /* Pods_IntDevTaskUITests.framework */,
			);
			name = Frameworks;
			sourceTree = "<group>";
		};
/* End PBXGroup section */

/* Begin PBXNativeTarget section */
		068F21AB21569EB60034F7E2 /* IntDevTask */ = {
			isa = PBXNativeTarget;
			buildConfigurationList = 068F21D721569EBA0034F7E2 /* Build configuration list for PBXNativeTarget "IntDevTask" */;
			buildPhases = (
				87E6386D23C2CA9578EE8165 /* [CP] Check Pods Manifest.lock */,
				068F21A821569EB60034F7E2 /* Sources */,
				068F21A921569EB60034F7E2 /* Frameworks */,
				068F21AA21569EB60034F7E2 /* Resources */,
				BCF813D77C5FD87A270B864A /* [CP] Embed Pods Frameworks */,
				92AEC4A723A1944224565AF3 /* [CP] Copy Pods Resources */,
			);
			buildRules = (
			);
			dependencies = (
			);
			name = IntDevTask;
			productName = IntDevTask;
			productReference = 068F21AC21569EB60034F7E2 /* IntDevTask.app */;
			productType = "com.apple.product-type.application";
		};
		068F21C221569EBA0034F7E2 /* IntDevTaskTests */ = {
			isa = PBXNativeTarget;
			buildConfigurationList = 068F21DA21569EBA0034F7E2 /* Build configuration list for PBXNativeTarget "IntDevTaskTests" */;
			buildPhases = (
				8E43A328695723DD5E0B1112 /* [CP] Check Pods Manifest.lock */,
				068F21BF21569EBA0034F7E2 /* Sources */,
				068F21C021569EBA0034F7E2 /* Frameworks */,
				068F21C121569EBA0034F7E2 /* Resources */,
			);
			buildRules = (
			);
			dependencies = (
				068F21C521569EBA0034F7E2 /* PBXTargetDependency */,
			);
			name = IntDevTaskTests;
			productName = IntDevTaskTests;
			productReference = 068F21C321569EBA0034F7E2 /* IntDevTaskTests.xctest */;
			productType = "com.apple.product-type.bundle.unit-test";
		};
		068F21CD21569EBA0034F7E2 /* IntDevTaskUITests */ = {
			isa = PBXNativeTarget;
			buildConfigurationList = 068F21DD21569EBA0034F7E2 /* Build configuration list for PBXNativeTarget "IntDevTaskUITests" */;
			buildPhases = (
				C0367CA6C23277C511EECF44 /* [CP] Check Pods Manifest.lock */,
				068F21CA21569EBA0034F7E2 /* Sources */,
				068F21CB21569EBA0034F7E2 /* Frameworks */,
				068F21CC21569EBA0034F7E2 /* Resources */,
			);
			buildRules = (
			);
			dependencies = (
				068F21D021569EBA0034F7E2 /* PBXTargetDependency */,
			);
			name = IntDevTaskUITests;
			productName = IntDevTaskUITests;
			productReference = 068F21CE21569EBA0034F7E2 /* IntDevTaskUITests.xctest */;
			productType = "com.apple.product-type.bundle.ui-testing";
		};
/* End PBXNativeTarget section */

/* Begin PBXProject section */
		068F21A421569EB60034F7E2 /* Project object */ = {
			isa = PBXProject;
			attributes = {
				LastSwiftUpdateCheck = 1000;
				LastUpgradeCheck = 1000;
				ORGANIZATIONNAME = "Ahmed Ezzat";
				TargetAttributes = {
					068F21AB21569EB60034F7E2 = {
						CreatedOnToolsVersion = 10.0;
					};
					068F21C221569EBA0034F7E2 = {
						CreatedOnToolsVersion = 10.0;
						TestTargetID = 068F21AB21569EB60034F7E2;
					};
					068F21CD21569EBA0034F7E2 = {
						CreatedOnToolsVersion = 10.0;
						TestTargetID = 068F21AB21569EB60034F7E2;
					};
				};
			};
			buildConfigurationList = 068F21A721569EB60034F7E2 /* Build configuration list for PBXProject "IntDevTask" */;
			compatibilityVersion = "Xcode 9.3";
			developmentRegion = en;
			hasScannedForEncodings = 0;
			knownRegions = (
				en,
				Base,
			);
			mainGroup = 068F21A321569EB60034F7E2;
			productRefGroup = 068F21AD21569EB60034F7E2 /* Products */;
			projectDirPath = "";
			projectRoot = "";
			targets = (
				068F21AB21569EB60034F7E2 /* IntDevTask */,
				068F21C221569EBA0034F7E2 /* IntDevTaskTests */,
				068F21CD21569EBA0034F7E2 /* IntDevTaskUITests */,
			);
		};
/* End PBXProject section */

/* Begin PBXResourcesBuildPhase section */
		068F21AA21569EB60034F7E2 /* Resources */ = {
			isa = PBXResourcesBuildPhase;
			buildActionMask = 2147483647;
			files = (
				068F21BD21569EB90034F7E2 /* LaunchScreen.storyboard in Resources */,
				068F21BA21569EB90034F7E2 /* Assets.xcassets in Resources */,
				068F21E921580D820034F7E2 /* credentials.plist in Resources */,
				068F21E721580CA30034F7E2 /* GoogleService-Info.plist in Resources */,
				068F21B521569EB60034F7E2 /* Main.storyboard in Resources */,
			);
			runOnlyForDeploymentPostprocessing = 0;
		};
		068F21C121569EBA0034F7E2 /* Resources */ = {
			isa = PBXResourcesBuildPhase;
			buildActionMask = 2147483647;
			files = (
			);
			runOnlyForDeploymentPostprocessing = 0;
		};
		068F21CC21569EBA0034F7E2 /* Resources */ = {
			isa = PBXResourcesBuildPhase;
			buildActionMask = 2147483647;
			files = (
			);
			runOnlyForDeploymentPostprocessing = 0;
		};
/* End PBXResourcesBuildPhase section */

/* Begin PBXShellScriptBuildPhase section */
		87E6386D23C2CA9578EE8165 /* [CP] Check Pods Manifest.lock */ = {
			isa = PBXShellScriptBuildPhase;
			buildActionMask = 2147483647;
			files = (
			);
			inputPaths = (
				"${PODS_PODFILE_DIR_PATH}/Podfile.lock",
				"${PODS_ROOT}/Manifest.lock",
			);
			name = "[CP] Check Pods Manifest.lock";
			outputPaths = (
				"$(DERIVED_FILE_DIR)/Pods-IntDevTask-checkManifestLockResult.txt",
			);
			runOnlyForDeploymentPostprocessing = 0;
			shellPath = /bin/sh;
			shellScript = "diff \"${PODS_PODFILE_DIR_PATH}/Podfile.lock\" \"${PODS_ROOT}/Manifest.lock\" > /dev/null\nif [ $? != 0 ] ; then\n    # print error to STDERR\n    echo \"error: The sandbox is not in sync with the Podfile.lock. Run 'pod install' or update your CocoaPods installation.\" >&2\n    exit 1\nfi\n# This output is used by Xcode 'outputs' to avoid re-running this script phase.\necho \"SUCCESS\" > \"${SCRIPT_OUTPUT_FILE_0}\"\n";
			showEnvVarsInLog = 0;
		};
		8E43A328695723DD5E0B1112 /* [CP] Check Pods Manifest.lock */ = {
			isa = PBXShellScriptBuildPhase;
			buildActionMask = 2147483647;
			files = (
			);
			inputPaths = (
				"${PODS_PODFILE_DIR_PATH}/Podfile.lock",
				"${PODS_ROOT}/Manifest.lock",
			);
			name = "[CP] Check Pods Manifest.lock";
			outputPaths = (
				"$(DERIVED_FILE_DIR)/Pods-IntDevTaskTests-checkManifestLockResult.txt",
			);
			runOnlyForDeploymentPostprocessing = 0;
			shellPath = /bin/sh;
			shellScript = "diff \"${PODS_PODFILE_DIR_PATH}/Podfile.lock\" \"${PODS_ROOT}/Manifest.lock\" > /dev/null\nif [ $? != 0 ] ; then\n    # print error to STDERR\n    echo \"error: The sandbox is not in sync with the Podfile.lock. Run 'pod install' or update your CocoaPods installation.\" >&2\n    exit 1\nfi\n# This output is used by Xcode 'outputs' to avoid re-running this script phase.\necho \"SUCCESS\" > \"${SCRIPT_OUTPUT_FILE_0}\"\n";
			showEnvVarsInLog = 0;
		};
		92AEC4A723A1944224565AF3 /* [CP] Copy Pods Resources */ = {
			isa = PBXShellScriptBuildPhase;
			buildActionMask = 2147483647;
			files = (
			);
			inputPaths = (
				"${SRCROOT}/Pods/Target Support Files/Pods-IntDevTask/Pods-IntDevTask-resources.sh",
				"${PODS_ROOT}/GoogleMaps/Maps/Frameworks/GoogleMaps.framework/Resources/GoogleMaps.bundle",
				"${PODS_ROOT}/GooglePlacePicker/Frameworks/GooglePlacePicker.framework/Resources/GooglePlacePicker.bundle",
				"${PODS_ROOT}/GooglePlaces/Frameworks/GooglePlaces.framework/Resources/GooglePlaces.bundle",
				"${PODS_ROOT}/GoogleSignIn/Resources/GoogleSignIn.bundle",
			);
			name = "[CP] Copy Pods Resources";
			outputPaths = (
				"${TARGET_BUILD_DIR}/${UNLOCALIZED_RESOURCES_FOLDER_PATH}/GoogleMaps.bundle",
				"${TARGET_BUILD_DIR}/${UNLOCALIZED_RESOURCES_FOLDER_PATH}/GooglePlacePicker.bundle",
				"${TARGET_BUILD_DIR}/${UNLOCALIZED_RESOURCES_FOLDER_PATH}/GooglePlaces.bundle",
				"${TARGET_BUILD_DIR}/${UNLOCALIZED_RESOURCES_FOLDER_PATH}/GoogleSignIn.bundle",
			);
			runOnlyForDeploymentPostprocessing = 0;
			shellPath = /bin/sh;
			shellScript = "\"${SRCROOT}/Pods/Target Support Files/Pods-IntDevTask/Pods-IntDevTask-resources.sh\"\n";
			showEnvVarsInLog = 0;
		};
		BCF813D77C5FD87A270B864A /* [CP] Embed Pods Frameworks */ = {
			isa = PBXShellScriptBuildPhase;
			buildActionMask = 2147483647;
			files = (
			);
			inputPaths = (
				"${SRCROOT}/Pods/Target Support Files/Pods-IntDevTask/Pods-IntDevTask-frameworks.sh",
				"${BUILT_PRODUCTS_DIR}/GTMOAuth2/GTMOAuth2.framework",
				"${BUILT_PRODUCTS_DIR}/GTMSessionFetcher/GTMSessionFetcher.framework",
				"${BUILT_PRODUCTS_DIR}/GoogleToolboxForMac/GoogleToolboxForMac.framework",
				"${BUILT_PRODUCTS_DIR}/nanopb/nanopb.framework",
			);
			name = "[CP] Embed Pods Frameworks";
			outputPaths = (
				"${TARGET_BUILD_DIR}/${FRAMEWORKS_FOLDER_PATH}/GTMOAuth2.framework",
				"${TARGET_BUILD_DIR}/${FRAMEWORKS_FOLDER_PATH}/GTMSessionFetcher.framework",
				"${TARGET_BUILD_DIR}/${FRAMEWORKS_FOLDER_PATH}/GoogleToolboxForMac.framework",
				"${TARGET_BUILD_DIR}/${FRAMEWORKS_FOLDER_PATH}/nanopb.framework",
			);
			runOnlyForDeploymentPostprocessing = 0;
			shellPath = /bin/sh;
			shellScript = "\"${SRCROOT}/Pods/Target Support Files/Pods-IntDevTask/Pods-IntDevTask-frameworks.sh\"\n";
			showEnvVarsInLog = 0;
		};
		C0367CA6C23277C511EECF44 /* [CP] Check Pods Manifest.lock */ = {
			isa = PBXShellScriptBuildPhase;
			buildActionMask = 2147483647;
			files = (
			);
			inputPaths = (
				"${PODS_PODFILE_DIR_PATH}/Podfile.lock",
				"${PODS_ROOT}/Manifest.lock",
			);
			name = "[CP] Check Pods Manifest.lock";
			outputPaths = (
				"$(DERIVED_FILE_DIR)/Pods-IntDevTaskUITests-checkManifestLockResult.txt",
			);
			runOnlyForDeploymentPostprocessing = 0;
			shellPath = /bin/sh;
			shellScript = "diff \"${PODS_PODFILE_DIR_PATH}/Podfile.lock\" \"${PODS_ROOT}/Manifest.lock\" > /dev/null\nif [ $? != 0 ] ; then\n    # print error to STDERR\n    echo \"error: The sandbox is not in sync with the Podfile.lock. Run 'pod install' or update your CocoaPods installation.\" >&2\n    exit 1\nfi\n# This output is used by Xcode 'outputs' to avoid re-running this script phase.\necho \"SUCCESS\" > \"${SCRIPT_OUTPUT_FILE_0}\"\n";
			showEnvVarsInLog = 0;
		};
/* End PBXShellScriptBuildPhase section */

/* Begin PBXSourcesBuildPhase section */
		068F21A821569EB60034F7E2 /* Sources */ = {
			isa = PBXSourcesBuildPhase;
			buildActionMask = 2147483647;
			files = (
				068F21B821569EB60034F7E2 /* IntDevTask.xcdatamodeld in Sources */,
				068F21B221569EB60034F7E2 /* ViewController.swift in Sources */,
				068F21B021569EB60034F7E2 /* AppDelegate.swift in Sources */,
				068F21ED21582BEB0034F7E2 /* HomeViewController.swift in Sources */,
			);
			runOnlyForDeploymentPostprocessing = 0;
		};
		068F21BF21569EBA0034F7E2 /* Sources */ = {
			isa = PBXSourcesBuildPhase;
			buildActionMask = 2147483647;
			files = (
				068F21C821569EBA0034F7E2 /* IntDevTaskTests.swift in Sources */,
			);
			runOnlyForDeploymentPostprocessing = 0;
		};
		068F21CA21569EBA0034F7E2 /* Sources */ = {
			isa = PBXSourcesBuildPhase;
			buildActionMask = 2147483647;
			files = (
				068F21D321569EBA0034F7E2 /* IntDevTaskUITests.swift in Sources */,
			);
			runOnlyForDeploymentPostprocessing = 0;
		};
/* End PBXSourcesBuildPhase section */

/* Begin PBXTargetDependency section */
		068F21C521569EBA0034F7E2 /* PBXTargetDependency */ = {
			isa = PBXTargetDependency;
			target = 068F21AB21569EB60034F7E2 /* IntDevTask */;
			targetProxy = 068F21C421569EBA0034F7E2 /* PBXContainerItemProxy */;
		};
		068F21D021569EBA0034F7E2 /* PBXTargetDependency */ = {
			isa = PBXTargetDependency;
			target = 068F21AB21569EB60034F7E2 /* IntDevTask */;
			targetProxy = 068F21CF21569EBA0034F7E2 /* PBXContainerItemProxy */;
		};
/* End PBXTargetDependency section */

/* Begin PBXVariantGroup section */
		068F21B321569EB60034F7E2 /* Main.storyboard */ = {
			isa = PBXVariantGroup;
			children = (
				068F21B421569EB60034F7E2 /* Base */,
			);
			name = Main.storyboard;
			sourceTree = "<group>";
		};
		068F21BB21569EB90034F7E2 /* LaunchScreen.storyboard */ = {
			isa = PBXVariantGroup;
			children = (
				068F21BC21569EB90034F7E2 /* Base */,
			);
			name = LaunchScreen.storyboard;
			sourceTree = "<group>";
		};
/* End PBXVariantGroup section */

/* Begin XCBuildConfiguration section */
		068F21D521569EBA0034F7E2 /* Debug */ = {
			isa = XCBuildConfiguration;
			buildSettings = {
				ALWAYS_SEARCH_USER_PATHS = NO;
				CLANG_ANALYZER_NONNULL = YES;
				CLANG_ANALYZER_NUMBER_OBJECT_CONVERSION = YES_AGGRESSIVE;
				CLANG_CXX_LANGUAGE_STANDARD = "gnu++14";
				CLANG_CXX_LIBRARY = "libc++";
				CLANG_ENABLE_MODULES = YES;
				CLANG_ENABLE_OBJC_ARC = YES;
				CLANG_ENABLE_OBJC_WEAK = YES;
				CLANG_WARN_BLOCK_CAPTURE_AUTORELEASING = YES;
				CLANG_WARN_BOOL_CONVERSION = YES;
				CLANG_WARN_COMMA = YES;
				CLANG_WARN_CONSTANT_CONVERSION = YES;
				CLANG_WARN_DEPRECATED_OBJC_IMPLEMENTATIONS = YES;
				CLANG_WARN_DIRECT_OBJC_ISA_USAGE = YES_ERROR;
				CLANG_WARN_DOCUMENTATION_COMMENTS = YES;
				CLANG_WARN_EMPTY_BODY = YES;
				CLANG_WARN_ENUM_CONVERSION = YES;
				CLANG_WARN_INFINITE_RECURSION = YES;
				CLANG_WARN_INT_CONVERSION = YES;
				CLANG_WARN_NON_LITERAL_NULL_CONVERSION = YES;
				CLANG_WARN_OBJC_IMPLICIT_RETAIN_SELF = YES;
				CLANG_WARN_OBJC_LITERAL_CONVERSION = YES;
				CLANG_WARN_OBJC_ROOT_CLASS = YES_ERROR;
				CLANG_WARN_RANGE_LOOP_ANALYSIS = YES;
				CLANG_WARN_STRICT_PROTOTYPES = YES;
				CLANG_WARN_SUSPICIOUS_MOVE = YES;
				CLANG_WARN_UNGUARDED_AVAILABILITY = YES_AGGRESSIVE;
				CLANG_WARN_UNREACHABLE_CODE = YES;
				CLANG_WARN__DUPLICATE_METHOD_MATCH = YES;
				CODE_SIGN_IDENTITY = "iPhone Developer";
				COPY_PHASE_STRIP = NO;
				DEBUG_INFORMATION_FORMAT = dwarf;
				ENABLE_STRICT_OBJC_MSGSEND = YES;
				ENABLE_TESTABILITY = YES;
				GCC_C_LANGUAGE_STANDARD = gnu11;
				GCC_DYNAMIC_NO_PIC = NO;
				GCC_NO_COMMON_BLOCKS = YES;
				GCC_OPTIMIZATION_LEVEL = 0;
				GCC_PREPROCESSOR_DEFINITIONS = (
					"DEBUG=1",
					"$(inherited)",
				);
				GCC_WARN_64_TO_32_BIT_CONVERSION = YES;
				GCC_WARN_ABOUT_RETURN_TYPE = YES_ERROR;
				GCC_WARN_UNDECLARED_SELECTOR = YES;
				GCC_WARN_UNINITIALIZED_AUTOS = YES_AGGRESSIVE;
				GCC_WARN_UNUSED_FUNCTION = YES;
				GCC_WARN_UNUSED_VARIABLE = YES;
				IPHONEOS_DEPLOYMENT_TARGET = 12.0;
				MTL_ENABLE_DEBUG_INFO = INCLUDE_SOURCE;
				MTL_FAST_MATH = YES;
				ONLY_ACTIVE_ARCH = YES;
				SDKROOT = iphoneos;
				SWIFT_ACTIVE_COMPILATION_CONDITIONS = DEBUG;
				SWIFT_OPTIMIZATION_LEVEL = "-Onone";
			};
			name = Debug;
		};
		068F21D621569EBA0034F7E2 /* Release */ = {
			isa = XCBuildConfiguration;
			buildSettings = {
				ALWAYS_SEARCH_USER_PATHS = NO;
				CLANG_ANALYZER_NONNULL = YES;
				CLANG_ANALYZER_NUMBER_OBJECT_CONVERSION = YES_AGGRESSIVE;
				CLANG_CXX_LANGUAGE_STANDARD = "gnu++14";
				CLANG_CXX_LIBRARY = "libc++";
				CLANG_ENABLE_MODULES = YES;
				CLANG_ENABLE_OBJC_ARC = YES;
				CLANG_ENABLE_OBJC_WEAK = YES;
				CLANG_WARN_BLOCK_CAPTURE_AUTORELEASING = YES;
				CLANG_WARN_BOOL_CONVERSION = YES;
				CLANG_WARN_COMMA = YES;
				CLANG_WARN_CONSTANT_CONVERSION = YES;
				CLANG_WARN_DEPRECATED_OBJC_IMPLEMENTATIONS = YES;
				CLANG_WARN_DIRECT_OBJC_ISA_USAGE = YES_ERROR;
				CLANG_WARN_DOCUMENTATION_COMMENTS = YES;
				CLANG_WARN_EMPTY_BODY = YES;
				CLANG_WARN_ENUM_CONVERSION = YES;
				CLANG_WARN_INFINITE_RECURSION = YES;
				CLANG_WARN_INT_CONVERSION = YES;
				CLANG_WARN_NON_LITERAL_NULL_CONVERSION = YES;
				CLANG_WARN_OBJC_IMPLICIT_RETAIN_SELF = YES;
				CLANG_WARN_OBJC_LITERAL_CONVERSION = YES;
				CLANG_WARN_OBJC_ROOT_CLASS = YES_ERROR;
				CLANG_WARN_RANGE_LOOP_ANALYSIS = YES;
				CLANG_WARN_STRICT_PROTOTYPES = YES;
				CLANG_WARN_SUSPICIOUS_MOVE = YES;
				CLANG_WARN_UNGUARDED_AVAILABILITY = YES_AGGRESSIVE;
				CLANG_WARN_UNREACHABLE_CODE = YES;
				CLANG_WARN__DUPLICATE_METHOD_MATCH = YES;
				CODE_SIGN_IDENTITY = "iPhone Developer";
				COPY_PHASE_STRIP = NO;
				DEBUG_INFORMATION_FORMAT = "dwarf-with-dsym";
				ENABLE_NS_ASSERTIONS = NO;
				ENABLE_STRICT_OBJC_MSGSEND = YES;
				GCC_C_LANGUAGE_STANDARD = gnu11;
				GCC_NO_COMMON_BLOCKS = YES;
				GCC_WARN_64_TO_32_BIT_CONVERSION = YES;
				GCC_WARN_ABOUT_RETURN_TYPE = YES_ERROR;
				GCC_WARN_UNDECLARED_SELECTOR = YES;
				GCC_WARN_UNINITIALIZED_AUTOS = YES_AGGRESSIVE;
				GCC_WARN_UNUSED_FUNCTION = YES;
				GCC_WARN_UNUSED_VARIABLE = YES;
				IPHONEOS_DEPLOYMENT_TARGET = 12.0;
				MTL_ENABLE_DEBUG_INFO = NO;
				MTL_FAST_MATH = YES;
				SDKROOT = iphoneos;
				SWIFT_COMPILATION_MODE = wholemodule;
				SWIFT_OPTIMIZATION_LEVEL = "-O";
				VALIDATE_PRODUCT = YES;
			};
			name = Release;
		};
		068F21D821569EBA0034F7E2 /* Debug */ = {
			isa = XCBuildConfiguration;
			baseConfigurationReference = A0EE41A1B68235DE15D64364 /* Pods-IntDevTask.debug.xcconfig */;
			buildSettings = {
				ASSETCATALOG_COMPILER_APPICON_NAME = AppIcon;
				CODE_SIGN_STYLE = Automatic;
				DEVELOPMENT_TEAM = GS7M7QXG9G;
				ENABLE_BITCODE = YES;
				GCC_NO_COMMON_BLOCKS = YES;
				INFOPLIST_FILE = IntDevTask/Info.plist;
				LD_RUNPATH_SEARCH_PATHS = (
					"$(inherited)",
					"@executable_path/Frameworks",
				);
				PRODUCT_BUNDLE_IDENTIFIER = com.me.IntDevTask;
				PRODUCT_NAME = "$(TARGET_NAME)";
				SWIFT_VERSION = 4.2;
				TARGETED_DEVICE_FAMILY = "1,2";
			};
			name = Debug;
		};
		068F21D921569EBA0034F7E2 /* Release */ = {
			isa = XCBuildConfiguration;
			baseConfigurationReference = F817C1F252C785CFB6619143 /* Pods-IntDevTask.release.xcconfig */;
			buildSettings = {
				ASSETCATALOG_COMPILER_APPICON_NAME = AppIcon;
				CODE_SIGN_STYLE = Automatic;
				DEVELOPMENT_TEAM = GS7M7QXG9G;
				ENABLE_BITCODE = YES;
				GCC_NO_COMMON_BLOCKS = YES;
				INFOPLIST_FILE = IntDevTask/Info.plist;
				LD_RUNPATH_SEARCH_PATHS = (
					"$(inherited)",
					"@executable_path/Frameworks",
				);
				PRODUCT_BUNDLE_IDENTIFIER = com.me.IntDevTask;
				PRODUCT_NAME = "$(TARGET_NAME)";
				SWIFT_VERSION = 4.2;
				TARGETED_DEVICE_FAMILY = "1,2";
			};
			name = Release;
		};
		068F21DB21569EBA0034F7E2 /* Debug */ = {
			isa = XCBuildConfiguration;
			baseConfigurationReference = D2147059F02299422C5785C3 /* Pods-IntDevTaskTests.debug.xcconfig */;
			buildSettings = {
				ALWAYS_EMBED_SWIFT_STANDARD_LIBRARIES = YES;
				BUNDLE_LOADER = "$(TEST_HOST)";
				CODE_SIGN_STYLE = Automatic;
				DEVELOPMENT_TEAM = J2K8QX5BJD;
				INFOPLIST_FILE = IntDevTaskTests/Info.plist;
				LD_RUNPATH_SEARCH_PATHS = (
					"$(inherited)",
					"@executable_path/Frameworks",
					"@loader_path/Frameworks",
				);
				PRODUCT_BUNDLE_IDENTIFIER = com.me.IntDevTaskTests;
				PRODUCT_NAME = "$(TARGET_NAME)";
				SWIFT_VERSION = 4.2;
				TARGETED_DEVICE_FAMILY = "1,2";
				TEST_HOST = "$(BUILT_PRODUCTS_DIR)/IntDevTask.app/IntDevTask";
			};
			name = Debug;
		};
		068F21DC21569EBA0034F7E2 /* Release */ = {
			isa = XCBuildConfiguration;
			baseConfigurationReference = B42862A20CCC908339F38E60 /* Pods-IntDevTaskTests.release.xcconfig */;
			buildSettings = {
				ALWAYS_EMBED_SWIFT_STANDARD_LIBRARIES = YES;
				BUNDLE_LOADER = "$(TEST_HOST)";
				CODE_SIGN_STYLE = Automatic;
				DEVELOPMENT_TEAM = J2K8QX5BJD;
				INFOPLIST_FILE = IntDevTaskTests/Info.plist;
				LD_RUNPATH_SEARCH_PATHS = (
					"$(inherited)",
					"@executable_path/Frameworks",
					"@loader_path/Frameworks",
				);
				PRODUCT_BUNDLE_IDENTIFIER = com.me.IntDevTaskTests;
				PRODUCT_NAME = "$(TARGET_NAME)";
				SWIFT_VERSION = 4.2;
				TARGETED_DEVICE_FAMILY = "1,2";
				TEST_HOST = "$(BUILT_PRODUCTS_DIR)/IntDevTask.app/IntDevTask";
			};
			name = Release;
		};
		068F21DE21569EBA0034F7E2 /* Debug */ = {
			isa = XCBuildConfiguration;
			baseConfigurationReference = D3D78B9664CE379DDA895052 /* Pods-IntDevTaskUITests.debug.xcconfig */;
			buildSettings = {
				ALWAYS_EMBED_SWIFT_STANDARD_LIBRARIES = YES;
				CODE_SIGN_STYLE = Automatic;
				DEVELOPMENT_TEAM = J2K8QX5BJD;
				INFOPLIST_FILE = IntDevTaskUITests/Info.plist;
				LD_RUNPATH_SEARCH_PATHS = (
					"$(inherited)",
					"@executable_path/Frameworks",
					"@loader_path/Frameworks",
				);
				PRODUCT_BUNDLE_IDENTIFIER = com.me.IntDevTaskUITests;
				PRODUCT_NAME = "$(TARGET_NAME)";
				SWIFT_VERSION = 4.2;
				TARGETED_DEVICE_FAMILY = "1,2";
				TEST_TARGET_NAME = IntDevTask;
			};
			name = Debug;
		};
		068F21DF21569EBA0034F7E2 /* Release */ = {
			isa = XCBuildConfiguration;
			baseConfigurationReference = 42FF609E5B873866E418253D /* Pods-IntDevTaskUITests.release.xcconfig */;
			buildSettings = {
				ALWAYS_EMBED_SWIFT_STANDARD_LIBRARIES = YES;
				CODE_SIGN_STYLE = Automatic;
				DEVELOPMENT_TEAM = J2K8QX5BJD;
				INFOPLIST_FILE = IntDevTaskUITests/Info.plist;
				LD_RUNPATH_SEARCH_PATHS = (
					"$(inherited)",
					"@executable_path/Frameworks",
					"@loader_path/Frameworks",
				);
				PRODUCT_BUNDLE_IDENTIFIER = com.me.IntDevTaskUITests;
				PRODUCT_NAME = "$(TARGET_NAME)";
				SWIFT_VERSION = 4.2;
				TARGETED_DEVICE_FAMILY = "1,2";
				TEST_TARGET_NAME = IntDevTask;
			};
			name = Release;
		};
/* End XCBuildConfiguration section */

/* Begin XCConfigurationList section */
		068F21A721569EB60034F7E2 /* Build configuration list for PBXProject "IntDevTask" */ = {
			isa = XCConfigurationList;
			buildConfigurations = (
				068F21D521569EBA0034F7E2 /* Debug */,
				068F21D621569EBA0034F7E2 /* Release */,
			);
			defaultConfigurationIsVisible = 0;
			defaultConfigurationName = Release;
		};
		068F21D721569EBA0034F7E2 /* Build configuration list for PBXNativeTarget "IntDevTask" */ = {
			isa = XCConfigurationList;
			buildConfigurations = (
				068F21D821569EBA0034F7E2 /* Debug */,
				068F21D921569EBA0034F7E2 /* Release */,
			);
			defaultConfigurationIsVisible = 0;
			defaultConfigurationName = Release;
		};
		068F21DA21569EBA0034F7E2 /* Build configuration list for PBXNativeTarget "IntDevTaskTests" */ = {
			isa = XCConfigurationList;
			buildConfigurations = (
				068F21DB21569EBA0034F7E2 /* Debug */,
				068F21DC21569EBA0034F7E2 /* Release */,
			);
			defaultConfigurationIsVisible = 0;
			defaultConfigurationName = Release;
		};
		068F21DD21569EBA0034F7E2 /* Build configuration list for PBXNativeTarget "IntDevTaskUITests" */ = {
			isa = XCConfigurationList;
			buildConfigurations = (
				068F21DE21569EBA0034F7E2 /* Debug */,
				068F21DF21569EBA0034F7E2 /* Release */,
			);
			defaultConfigurationIsVisible = 0;
			defaultConfigurationName = Release;
		};
/* End XCConfigurationList section */

/* Begin XCVersionGroup section */
		068F21B621569EB60034F7E2 /* IntDevTask.xcdatamodeld */ = {
			isa = XCVersionGroup;
			children = (
				068F21B721569EB60034F7E2 /* IntDevTask.xcdatamodel */,
			);
			currentVersion = 068F21B721569EB60034F7E2 /* IntDevTask.xcdatamodel */;
			path = IntDevTask.xcdatamodeld;
			sourceTree = "<group>";
			versionGroupType = wrapper.xcdatamodel;
		};
/* End XCVersionGroup section */
	};
	rootObject = 068F21A421569EB60034F7E2 /* Project object */;
}
